// !$*UTF8*$!
{
	archiveVersion = 1;
	classes = {
	};
	objectVersion = 50;
	objects = {

/* Begin PBXBuildFile section */
		2C312BDA20D5A4B600CD84E1 /* AppDelegate.swift in Sources */ = {isa = PBXBuildFile; fileRef = 2C312BD920D5A4B600CD84E1 /* AppDelegate.swift */; };
		2C312BDC20D5A4B600CD84E1 /* KittyPageViewController.swift in Sources */ = {isa = PBXBuildFile; fileRef = 2C312BDB20D5A4B600CD84E1 /* KittyPageViewController.swift */; };
		2C312BDF20D5A4B600CD84E1 /* Main.storyboard in Resources */ = {isa = PBXBuildFile; fileRef = 2C312BDD20D5A4B600CD84E1 /* Main.storyboard */; };
		2C312BE120D5A4BE00CD84E1 /* Assets.xcassets in Resources */ = {isa = PBXBuildFile; fileRef = 2C312BE020D5A4BE00CD84E1 /* Assets.xcassets */; };
		2C312BE420D5A4BE00CD84E1 /* LaunchScreen.storyboard in Resources */ = {isa = PBXBuildFile; fileRef = 2C312BE220D5A4BE00CD84E1 /* LaunchScreen.storyboard */; };
		2C312BEF20D5A4BE00CD84E1 /* UIPageViewControllerPART2Tests.swift in Sources */ = {isa = PBXBuildFile; fileRef = 2C312BEE20D5A4BE00CD84E1 /* UIPageViewControllerPART2Tests.swift */; };
		2C312BFA20D5A4BE00CD84E1 /* UIPageViewControllerPART2UITests.swift in Sources */ = {isa = PBXBuildFile; fileRef = 2C312BF920D5A4BE00CD84E1 /* UIPageViewControllerPART2UITests.swift */; };
/* End PBXBuildFile section */

/* Begin PBXContainerItemProxy section */
		2C312BEB20D5A4BE00CD84E1 /* PBXContainerItemProxy */ = {
			isa = PBXContainerItemProxy;
			containerPortal = 2C312BCE20D5A4B600CD84E1 /* Project object */;
			proxyType = 1;
			remoteGlobalIDString = 2C312BD520D5A4B600CD84E1;
			remoteInfo = UIPageViewControllerPART2;
		};
		2C312BF620D5A4BE00CD84E1 /* PBXContainerItemProxy */ = {
			isa = PBXContainerItemProxy;
			containerPortal = 2C312BCE20D5A4B600CD84E1 /* Project object */;
			proxyType = 1;
			remoteGlobalIDString = 2C312BD520D5A4B600CD84E1;
			remoteInfo = UIPageViewControllerPART2;
		};
/* End PBXContainerItemProxy section */

/* Begin PBXFileReference section */
		2C312BD620D5A4B600CD84E1 /* UIPageViewControllerPART2.app */ = {isa = PBXFileReference; explicitFileType = wrapper.application; includeInIndex = 0; path = UIPageViewControllerPART2.app; sourceTree = BUILT_PRODUCTS_DIR; };
		2C312BD920D5A4B600CD84E1 /* AppDelegate.swift */ = {isa = PBXFileReference; lastKnownFileType = sourcecode.swift; path = AppDelegate.swift; sourceTree = "<group>"; };
		2C312BDB20D5A4B600CD84E1 /* KittyPageViewController.swift */ = {isa = PBXFileReference; lastKnownFileType = sourcecode.swift; path = KittyPageViewController.swift; sourceTree = "<group>"; };
		2C312BDE20D5A4B600CD84E1 /* Base */ = {isa = PBXFileReference; lastKnownFileType = file.storyboard; name = Base; path = Base.lproj/Main.storyboard; sourceTree = "<group>"; };
		2C312BE020D5A4BE00CD84E1 /* Assets.xcassets */ = {isa = PBXFileReference; lastKnownFileType = folder.assetcatalog; path = Assets.xcassets; sourceTree = "<group>"; };
		2C312BE320D5A4BE00CD84E1 /* Base */ = {isa = PBXFileReference; lastKnownFileType = file.storyboard; name = Base; path = Base.lproj/LaunchScreen.storyboard; sourceTree = "<group>"; };
		2C312BE520D5A4BE00CD84E1 /* Info.plist */ = {isa = PBXFileReference; lastKnownFileType = text.plist.xml; path = Info.plist; sourceTree = "<group>"; };
		2C312BEA20D5A4BE00CD84E1 /* UIPageViewControllerPART2Tests.xctest */ = {isa = PBXFileReference; explicitFileType = wrapper.cfbundle; includeInIndex = 0; path = UIPageViewControllerPART2Tests.xctest; sourceTree = BUILT_PRODUCTS_DIR; };
		2C312BEE20D5A4BE00CD84E1 /* UIPageViewControllerPART2Tests.swift */ = {isa = PBXFileReference; lastKnownFileType = sourcecode.swift; path = UIPageViewControllerPART2Tests.swift; sourceTree = "<group>"; };
		2C312BF020D5A4BE00CD84E1 /* Info.plist */ = {isa = PBXFileReference; lastKnownFileType = text.plist.xml; path = Info.plist; sourceTree = "<group>"; };
		2C312BF520D5A4BE00CD84E1 /* UIPageViewControllerPART2UITests.xctest */ = {isa = PBXFileReference; explicitFileType = wrapper.cfbundle; includeInIndex = 0; path = UIPageViewControllerPART2UITests.xctest; sourceTree = BUILT_PRODUCTS_DIR; };
		2C312BF920D5A4BE00CD84E1 /* UIPageViewControllerPART2UITests.swift */ = {isa = PBXFileReference; lastKnownFileType = sourcecode.swift; path = UIPageViewControllerPART2UITests.swift; sourceTree = "<group>"; };
		2C312BFB20D5A4BE00CD84E1 /* Info.plist */ = {isa = PBXFileReference; lastKnownFileType = text.plist.xml; path = Info.plist; sourceTree = "<group>"; };
/* End PBXFileReference section */

/* Begin PBXFrameworksBuildPhase section */
		2C312BD320D5A4B600CD84E1 /* Frameworks */ = {
			isa = PBXFrameworksBuildPhase;
			buildActionMask = 2147483647;
			files = (
			);
			runOnlyForDeploymentPostprocessing = 0;
		};
		2C312BE720D5A4BE00CD84E1 /* Frameworks */ = {
			isa = PBXFrameworksBuildPhase;
			buildActionMask = 2147483647;
			files = (
			);
			runOnlyForDeploymentPostprocessing = 0;
		};
		2C312BF220D5A4BE00CD84E1 /* Frameworks */ = {
			isa = PBXFrameworksBuildPhase;
			buildActionMask = 2147483647;
			files = (
			);
			runOnlyForDeploymentPostprocessing = 0;
		};
/* End PBXFrameworksBuildPhase section */

/* Begin PBXGroup section */
		2C312BCD20D5A4B600CD84E1 = {
			isa = PBXGroup;
			children = (
				2C312BD820D5A4B600CD84E1 /* UIPageViewControllerPART2 */,
				2C312BED20D5A4BE00CD84E1 /* UIPageViewControllerPART2Tests */,
				2C312BF820D5A4BE00CD84E1 /* UIPageViewControllerPART2UITests */,
				2C312BD720D5A4B600CD84E1 /* Products */,
			);
			sourceTree = "<group>";
		};
		2C312BD720D5A4B600CD84E1 /* Products */ = {
			isa = PBXGroup;
			children = (
				2C312BD620D5A4B600CD84E1 /* UIPageViewControllerPART2.app */,
				2C312BEA20D5A4BE00CD84E1 /* UIPageViewControllerPART2Tests.xctest */,
				2C312BF520D5A4BE00CD84E1 /* UIPageViewControllerPART2UITests.xctest */,
			);
			name = Products;
			sourceTree = "<group>";
		};
		2C312BD820D5A4B600CD84E1 /* UIPageViewControllerPART2 */ = {
			isa = PBXGroup;
			children = (
				2C312BD920D5A4B600CD84E1 /* AppDelegate.swift */,
				2C312BDB20D5A4B600CD84E1 /* KittyPageViewController.swift */,
				2C312BDD20D5A4B600CD84E1 /* Main.storyboard */,
				2C312BE020D5A4BE00CD84E1 /* Assets.xcassets */,
				2C312BE220D5A4BE00CD84E1 /* LaunchScreen.storyboard */,
				2C312BE520D5A4BE00CD84E1 /* Info.plist */,
			);
			path = UIPageViewControllerPART2;
			sourceTree = "<group>";
		};
		2C312BED20D5A4BE00CD84E1 /* UIPageViewControllerPART2Tests */ = {
			isa = PBXGroup;
			children = (
				2C312BEE20D5A4BE00CD84E1 /* UIPageViewControllerPART2Tests.swift */,
				2C312BF020D5A4BE00CD84E1 /* Info.plist */,
			);
			path = UIPageViewControllerPART2Tests;
			sourceTree = "<group>";
		};
		2C312BF820D5A4BE00CD84E1 /* UIPageViewControllerPART2UITests */ = {
			isa = PBXGroup;
			children = (
				2C312BF920D5A4BE00CD84E1 /* UIPageViewControllerPART2UITests.swift */,
				2C312BFB20D5A4BE00CD84E1 /* Info.plist */,
			);
			path = UIPageViewControllerPART2UITests;
			sourceTree = "<group>";
		};
/* End PBXGroup section */

/* Begin PBXNativeTarget section */
		2C312BD520D5A4B600CD84E1 /* UIPageViewControllerPART2 */ = {
			isa = PBXNativeTarget;
			buildConfigurationList = 2C312BFE20D5A4BE00CD84E1 /* Build configuration list for PBXNativeTarget "UIPageViewControllerPART2" */;
			buildPhases = (
				2C312BD220D5A4B600CD84E1 /* Sources */,
				2C312BD320D5A4B600CD84E1 /* Frameworks */,
				2C312BD420D5A4B600CD84E1 /* Resources */,
			);
			buildRules = (
			);
			dependencies = (
			);
			name = UIPageViewControllerPART2;
			productName = UIPageViewControllerPART2;
			productReference = 2C312BD620D5A4B600CD84E1 /* UIPageViewControllerPART2.app */;
			productType = "com.apple.product-type.application";
		};
		2C312BE920D5A4BE00CD84E1 /* UIPageViewControllerPART2Tests */ = {
			isa = PBXNativeTarget;
			buildConfigurationList = 2C312C0120D5A4BE00CD84E1 /* Build configuration list for PBXNativeTarget "UIPageViewControllerPART2Tests" */;
			buildPhases = (
				2C312BE620D5A4BE00CD84E1 /* Sources */,
				2C312BE720D5A4BE00CD84E1 /* Frameworks */,
				2C312BE820D5A4BE00CD84E1 /* Resources */,
			);
			buildRules = (
			);
			dependencies = (
				2C312BEC20D5A4BE00CD84E1 /* PBXTargetDependency */,
			);
			name = UIPageViewControllerPART2Tests;
			productName = UIPageViewControllerPART2Tests;
			productReference = 2C312BEA20D5A4BE00CD84E1 /* UIPageViewControllerPART2Tests.xctest */;
			productType = "com.apple.product-type.bundle.unit-test";
		};
		2C312BF420D5A4BE00CD84E1 /* UIPageViewControllerPART2UITests */ = {
			isa = PBXNativeTarget;
			buildConfigurationList = 2C312C0420D5A4BE00CD84E1 /* Build configuration list for PBXNativeTarget "UIPageViewControllerPART2UITests" */;
			buildPhases = (
				2C312BF120D5A4BE00CD84E1 /* Sources */,
				2C312BF220D5A4BE00CD84E1 /* Frameworks */,
				2C312BF320D5A4BE00CD84E1 /* Resources */,
			);
			buildRules = (
			);
			dependencies = (
				2C312BF720D5A4BE00CD84E1 /* PBXTargetDependency */,
			);
			name = UIPageViewControllerPART2UITests;
			productName = UIPageViewControllerPART2UITests;
			productReference = 2C312BF520D5A4BE00CD84E1 /* UIPageViewControllerPART2UITests.xctest */;
			productType = "com.apple.product-type.bundle.ui-testing";
		};
/* End PBXNativeTarget section */

/* Begin PBXProject section */
		2C312BCE20D5A4B600CD84E1 /* Project object */ = {
			isa = PBXProject;
			attributes = {
				LastSwiftUpdateCheck = 0930;
				LastUpgradeCheck = 0930;
				ORGANIZATIONNAME = Akshansh;
				TargetAttributes = {
					2C312BD520D5A4B600CD84E1 = {
						CreatedOnToolsVersion = 9.3.1;
					};
					2C312BE920D5A4BE00CD84E1 = {
						CreatedOnToolsVersion = 9.3.1;
						TestTargetID = 2C312BD520D5A4B600CD84E1;
					};
					2C312BF420D5A4BE00CD84E1 = {
						CreatedOnToolsVersion = 9.3.1;
						TestTargetID = 2C312BD520D5A4B600CD84E1;
					};
				};
			};
			buildConfigurationList = 2C312BD120D5A4B600CD84E1 /* Build configuration list for PBXProject "UIPageViewControllerPART2" */;
			compatibilityVersion = "Xcode 9.3";
			developmentRegion = en;
			hasScannedForEncodings = 0;
			knownRegions = (
				en,
				Base,
			);
			mainGroup = 2C312BCD20D5A4B600CD84E1;
			productRefGroup = 2C312BD720D5A4B600CD84E1 /* Products */;
			projectDirPath = "";
			projectRoot = "";
			targets = (
				2C312BD520D5A4B600CD84E1 /* UIPageViewControllerPART2 */,
				2C312BE920D5A4BE00CD84E1 /* UIPageViewControllerPART2Tests */,
				2C312BF420D5A4BE00CD84E1 /* UIPageViewControllerPART2UITests */,
			);
		};
/* End PBXProject section */

/* Begin PBXResourcesBuildPhase section */
		2C312BD420D5A4B600CD84E1 /* Resources */ = {
			isa = PBXResourcesBuildPhase;
			buildActionMask = 2147483647;
			files = (
				2C312BE420D5A4BE00CD84E1 /* LaunchScreen.storyboard in Resources */,
				2C312BE120D5A4BE00CD84E1 /* Assets.xcassets in Resources */,
				2C312BDF20D5A4B600CD84E1 /* Main.storyboard in Resources */,
			);
			runOnlyForDeploymentPostprocessing = 0;
		};
		2C312BE820D5A4BE00CD84E1 /* Resources */ = {
			isa = PBXResourcesBuildPhase;
			buildActionMask = 2147483647;
			files = (
			);
			runOnlyForDeploymentPostprocessing = 0;
		};
		2C312BF320D5A4BE00CD84E1 /* Resources */ = {
			isa = PBXResourcesBuildPhase;
			buildActionMask = 2147483647;
			files = (
			);
			runOnlyForDeploymentPostprocessing = 0;
		};
/* End PBXResourcesBuildPhase section */

/* Begin PBXSourcesBuildPhase section */
		2C312BD220D5A4B600CD84E1 /* Sources */ = {
			isa = PBXSourcesBuildPhase;
			buildActionMask = 2147483647;
			files = (
				2C312BDC20D5A4B600CD84E1 /* KittyPageViewController.swift in Sources */,
				2C312BDA20D5A4B600CD84E1 /* AppDelegate.swift in Sources */,
			);
			runOnlyForDeploymentPostprocessing = 0;
		};
		2C312BE620D5A4BE00CD84E1 /* Sources */ = {
			isa = PBXSourcesBuildPhase;
			buildActionMask = 2147483647;
			files = (
				2C312BEF20D5A4BE00CD84E1 /* UIPageViewControllerPART2Tests.swift in Sources */,
			);
			runOnlyForDeploymentPostprocessing = 0;
		};
		2C312BF120D5A4BE00CD84E1 /* Sources */ = {
			isa = PBXSourcesBuildPhase;
			buildActionMask = 2147483647;
			files = (
				2C312BFA20D5A4BE00CD84E1 /* UIPageViewControllerPART2UITests.swift in Sources */,
			);
			runOnlyForDeploymentPostprocessing = 0;
		};
/* End PBXSourcesBuildPhase section */

/* Begin PBXTargetDependency section */
		2C312BEC20D5A4BE00CD84E1 /* PBXTargetDependency */ = {
			isa = PBXTargetDependency;
			target = 2C312BD520D5A4B600CD84E1 /* UIPageViewControllerPART2 */;
			targetProxy = 2C312BEB20D5A4BE00CD84E1 /* PBXContainerItemProxy */;
		};
		2C312BF720D5A4BE00CD84E1 /* PBXTargetDependency */ = {
			isa = PBXTargetDependency;
			target = 2C312BD520D5A4B600CD84E1 /* UIPageViewControllerPART2 */;
			targetProxy = 2C312BF620D5A4BE00CD84E1 /* PBXContainerItemProxy */;
		};
/* End PBXTargetDependency section */

/* Begin PBXVariantGroup section */
		2C312BDD20D5A4B600CD84E1 /* Main.storyboard */ = {
			isa = PBXVariantGroup;
			children = (
				2C312BDE20D5A4B600CD84E1 /* Base */,
			);
			name = Main.storyboard;
			sourceTree = "<group>";
		};
		2C312BE220D5A4BE00CD84E1 /* LaunchScreen.storyboard */ = {
			isa = PBXVariantGroup;
			children = (
				2C312BE320D5A4BE00CD84E1 /* Base */,
			);
			name = LaunchScreen.storyboard;
			sourceTree = "<group>";
		};
/* End PBXVariantGroup section */

/* Begin XCBuildConfiguration section */
		2C312BFC20D5A4BE00CD84E1 /* Debug */ = {
			isa = XCBuildConfiguration;
			buildSettings = {
				ALWAYS_SEARCH_USER_PATHS = NO;
				CLANG_ANALYZER_NONNULL = YES;
				CLANG_ANALYZER_NUMBER_OBJECT_CONVERSION = YES_AGGRESSIVE;
				CLANG_CXX_LANGUAGE_STANDARD = "gnu++14";
				CLANG_CXX_LIBRARY = "libc++";
				CLANG_ENABLE_MODULES = YES;
				CLANG_ENABLE_OBJC_ARC = YES;
				CLANG_ENABLE_OBJC_WEAK = YES;
				CLANG_WARN_BLOCK_CAPTURE_AUTORELEASING = YES;
				CLANG_WARN_BOOL_CONVERSION = YES;
				CLANG_WARN_COMMA = YES;
				CLANG_WARN_CONSTANT_CONVERSION = YES;
				CLANG_WARN_DEPRECATED_OBJC_IMPLEMENTATIONS = YES;
				CLANG_WARN_DIRECT_OBJC_ISA_USAGE = YES_ERROR;
				CLANG_WARN_DOCUMENTATION_COMMENTS = YES;
				CLANG_WARN_EMPTY_BODY = YES;
				CLANG_WARN_ENUM_CONVERSION = YES;
				CLANG_WARN_INFINITE_RECURSION = YES;
				CLANG_WARN_INT_CONVERSION = YES;
				CLANG_WARN_NON_LITERAL_NULL_CONVERSION = YES;
				CLANG_WARN_OBJC_IMPLICIT_RETAIN_SELF = YES;
				CLANG_WARN_OBJC_LITERAL_CONVERSION = YES;
				CLANG_WARN_OBJC_ROOT_CLASS = YES_ERROR;
				CLANG_WARN_RANGE_LOOP_ANALYSIS = YES;
				CLANG_WARN_STRICT_PROTOTYPES = YES;
				CLANG_WARN_SUSPICIOUS_MOVE = YES;
				CLANG_WARN_UNGUARDED_AVAILABILITY = YES_AGGRESSIVE;
				CLANG_WARN_UNREACHABLE_CODE = YES;
				CLANG_WARN__DUPLICATE_METHOD_MATCH = YES;
				CODE_SIGN_IDENTITY = "iPhone Developer";
				COPY_PHASE_STRIP = NO;
				DEBUG_INFORMATION_FORMAT = dwarf;
				ENABLE_STRICT_OBJC_MSGSEND = YES;
				ENABLE_TESTABILITY = YES;
				GCC_C_LANGUAGE_STANDARD = gnu11;
				GCC_DYNAMIC_NO_PIC = NO;
				GCC_NO_COMMON_BLOCKS = YES;
				GCC_OPTIMIZATION_LEVEL = 0;
				GCC_PREPROCESSOR_DEFINITIONS = (
					"DEBUG=1",
					"$(inherited)",
				);
				GCC_WARN_64_TO_32_BIT_CONVERSION = YES;
				GCC_WARN_ABOUT_RETURN_TYPE = YES_ERROR;
				GCC_WARN_UNDECLARED_SELECTOR = YES;
				GCC_WARN_UNINITIALIZED_AUTOS = YES_AGGRESSIVE;
				GCC_WARN_UNUSED_FUNCTION = YES;
				GCC_WARN_UNUSED_VARIABLE = YES;
				IPHONEOS_DEPLOYMENT_TARGET = 11.3;
				MTL_ENABLE_DEBUG_INFO = YES;
				ONLY_ACTIVE_ARCH = YES;
				SDKROOT = iphoneos;
				SWIFT_ACTIVE_COMPILATION_CONDITIONS = DEBUG;
				SWIFT_OPTIMIZATION_LEVEL = "-Onone";
			};
			name = Debug;
		};
		2C312BFD20D5A4BE00CD84E1 /* Release */ = {
			isa = XCBuildConfiguration;
			buildSettings = {
				ALWAYS_SEARCH_USER_PATHS = NO;
				CLANG_ANALYZER_NONNULL = YES;
				CLANG_ANALYZER_NUMBER_OBJECT_CONVERSION = YES_AGGRESSIVE;
				CLANG_CXX_LANGUAGE_STANDARD = "gnu++14";
				CLANG_CXX_LIBRARY = "libc++";
				CLANG_ENABLE_MODULES = YES;
				CLANG_ENABLE_OBJC_ARC = YES;
				CLANG_ENABLE_OBJC_WEAK = YES;
				CLANG_WARN_BLOCK_CAPTURE_AUTORELEASING = YES;
				CLANG_WARN_BOOL_CONVERSION = YES;
				CLANG_WARN_COMMA = YES;
				CLANG_WARN_CONSTANT_CONVERSION = YES;
				CLANG_WARN_DEPRECATED_OBJC_IMPLEMENTATIONS = YES;
				CLANG_WARN_DIRECT_OBJC_ISA_USAGE = YES_ERROR;
				CLANG_WARN_DOCUMENTATION_COMMENTS = YES;
				CLANG_WARN_EMPTY_BODY = YES;
				CLANG_WARN_ENUM_CONVERSION = YES;
				CLANG_WARN_INFINITE_RECURSION = YES;
				CLANG_WARN_INT_CONVERSION = YES;
				CLANG_WARN_NON_LITERAL_NULL_CONVERSION = YES;
				CLANG_WARN_OBJC_IMPLICIT_RETAIN_SELF = YES;
				CLANG_WARN_OBJC_LITERAL_CONVERSION = YES;
				CLANG_WARN_OBJC_ROOT_CLASS = YES_ERROR;
				CLANG_WARN_RANGE_LOOP_ANALYSIS = YES;
				CLANG_WARN_STRICT_PROTOTYPES = YES;
				CLANG_WARN_SUSPICIOUS_MOVE = YES;
				CLANG_WARN_UNGUARDED_AVAILABILITY = YES_AGGRESSIVE;
				CLANG_WARN_UNREACHABLE_CODE = YES;
				CLANG_WARN__DUPLICATE_METHOD_MATCH = YES;
				CODE_SIGN_IDENTITY = "iPhone Developer";
				COPY_PHASE_STRIP = NO;
				DEBUG_INFORMATION_FORMAT = "dwarf-with-dsym";
				ENABLE_NS_ASSERTIONS = NO;
				ENABLE_STRICT_OBJC_MSGSEND = YES;
				GCC_C_LANGUAGE_STANDARD = gnu11;
				GCC_NO_COMMON_BLOCKS = YES;
				GCC_WARN_64_TO_32_BIT_CONVERSION = YES;
				GCC_WARN_ABOUT_RETURN_TYPE = YES_ERROR;
				GCC_WARN_UNDECLARED_SELECTOR = YES;
				GCC_WARN_UNINITIALIZED_AUTOS = YES_AGGRESSIVE;
				GCC_WARN_UNUSED_FUNCTION = YES;
				GCC_WARN_UNUSED_VARIABLE = YES;
				IPHONEOS_DEPLOYMENT_TARGET = 11.3;
				MTL_ENABLE_DEBUG_INFO = NO;
				SDKROOT = iphoneos;
				SWIFT_COMPILATION_MODE = wholemodule;
				SWIFT_OPTIMIZATION_LEVEL = "-O";
				VALIDATE_PRODUCT = YES;
			};
			name = Release;
		};
		2C312BFF20D5A4BE00CD84E1 /* Debug */ = {
			isa = XCBuildConfiguration;
			buildSettings = {
				ASSETCATALOG_COMPILER_APPICON_NAME = AppIcon;
				CODE_SIGN_STYLE = Automatic;
				DEVELOPMENT_TEAM = 6VBJQ92VR9;
				INFOPLIST_FILE = UIPageViewControllerPART2/Info.plist;
				LD_RUNPATH_SEARCH_PATHS = (
					"$(inherited)",
					"@executable_path/Frameworks",
				);
				PRODUCT_BUNDLE_IDENTIFIER = akshanshUIPVCPart2.UIPageViewControllerPART2;
				PRODUCT_NAME = "$(TARGET_NAME)";
				SWIFT_VERSION = 4.0;
				TARGETED_DEVICE_FAMILY = "1,2";
			};
			name = Debug;
		};
		2C312C0020D5A4BE00CD84E1 /* Release */ = {
			isa = XCBuildConfiguration;
			buildSettings = {
				ASSETCATALOG_COMPILER_APPICON_NAME = AppIcon;
				CODE_SIGN_STYLE = Automatic;
				DEVELOPMENT_TEAM = 6VBJQ92VR9;
				INFOPLIST_FILE = UIPageViewControllerPART2/Info.plist;
				LD_RUNPATH_SEARCH_PATHS = (
					"$(inherited)",
					"@executable_path/Frameworks",
				);
				PRODUCT_BUNDLE_IDENTIFIER = akshanshUIPVCPart2.UIPageViewControllerPART2;
				PRODUCT_NAME = "$(TARGET_NAME)";
				SWIFT_VERSION = 4.0;
				TARGETED_DEVICE_FAMILY = "1,2";
			};
			name = Release;
		};
		2C312C0220D5A4BE00CD84E1 /* Debug */ = {
			isa = XCBuildConfiguration;
			buildSettings = {
				ALWAYS_EMBED_SWIFT_STANDARD_LIBRARIES = YES;
				BUNDLE_LOADER = "$(TEST_HOST)";
				CODE_SIGN_STYLE = Automatic;
				DEVELOPMENT_TEAM = 6VBJQ92VR9;
				INFOPLIST_FILE = UIPageViewControllerPART2Tests/Info.plist;
				LD_RUNPATH_SEARCH_PATHS = (
					"$(inherited)",
					"@executable_path/Frameworks",
					"@loader_path/Frameworks",
				);
				PRODUCT_BUNDLE_IDENTIFIER = akshanshUIPVCPart2.UIPageViewControllerPART2Tests;
				PRODUCT_NAME = "$(TARGET_NAME)";
				SWIFT_VERSION = 4.0;
				TARGETED_DEVICE_FAMILY = "1,2";
				TEST_HOST = "$(BUILT_PRODUCTS_DIR)/UIPageViewControllerPART2.app/UIPageViewControllerPART2";
			};
			name = Debug;
		};
		2C312C0320D5A4BE00CD84E1 /* Release */ = {
			isa = XCBuildConfiguration;
			buildSettings = {
				ALWAYS_EMBED_SWIFT_STANDARD_LIBRARIES = YES;
				BUNDLE_LOADER = "$(TEST_HOST)";
				CODE_SIGN_STYLE = Automatic;
				DEVELOPMENT_TEAM = 6VBJQ92VR9;
				INFOPLIST_FILE = UIPageViewControllerPART2Tests/Info.plist;
				LD_RUNPATH_SEARCH_PATHS = (
					"$(inherited)",
					"@executable_path/Frameworks",
					"@loader_path/Frameworks",
				);
				PRODUCT_BUNDLE_IDENTIFIER = akshanshUIPVCPart2.UIPageViewControllerPART2Tests;
				PRODUCT_NAME = "$(TARGET_NAME)";
				SWIFT_VERSION = 4.0;
				TARGETED_DEVICE_FAMILY = "1,2";
				TEST_HOST = "$(BUILT_PRODUCTS_DIR)/UIPageViewControllerPART2.app/UIPageViewControllerPART2";
			};
			name = Release;
		};
		2C312C0520D5A4BE00CD84E1 /* Debug */ = {
			isa = XCBuildConfiguration;
			buildSettings = {
				ALWAYS_EMBED_SWIFT_STANDARD_LIBRARIES = YES;
				CODE_SIGN_STYLE = Automatic;
				DEVELOPMENT_TEAM = 6VBJQ92VR9;
				INFOPLIST_FILE = UIPageViewControllerPART2UITests/Info.plist;
				LD_RUNPATH_SEARCH_PATHS = (
					"$(inherited)",
					"@executable_path/Frameworks",
					"@loader_path/Frameworks",
				);
				PRODUCT_BUNDLE_IDENTIFIER = akshanshUIPVCPart2.UIPageViewControllerPART2UITests;
				PRODUCT_NAME = "$(TARGET_NAME)";
				SWIFT_VERSION = 4.0;
				TARGETED_DEVICE_FAMILY = "1,2";
				TEST_TARGET_NAME = UIPageViewControllerPART2;
			};
			name = Debug;
		};
		2C312C0620D5A4BE00CD84E1 /* Release */ = {
			isa = XCBuildConfiguration;
			buildSettings = {
				ALWAYS_EMBED_SWIFT_STANDARD_LIBRARIES = YES;
				CODE_SIGN_STYLE = Automatic;
				DEVELOPMENT_TEAM = 6VBJQ92VR9;
				INFOPLIST_FILE = UIPageViewControllerPART2UITests/Info.plist;
				LD_RUNPATH_SEARCH_PATHS = (
					"$(inherited)",
					"@executable_path/Frameworks",
					"@loader_path/Frameworks",
				);
				PRODUCT_BUNDLE_IDENTIFIER = akshanshUIPVCPart2.UIPageViewControllerPART2UITests;
				PRODUCT_NAME = "$(TARGET_NAME)";
				SWIFT_VERSION = 4.0;
				TARGETED_DEVICE_FAMILY = "1,2";
				TEST_TARGET_NAME = UIPageViewControllerPART2;
			};
			name = Release;
		};
/* End XCBuildConfiguration section */

/* Begin XCConfigurationList section */
		2C312BD120D5A4B600CD84E1 /* Build configuration list for PBXProject "UIPageViewControllerPART2" */ = {
			isa = XCConfigurationList;
			buildConfigurations = (
				2C312BFC20D5A4BE00CD84E1 /* Debug */,
				2C312BFD20D5A4BE00CD84E1 /* Release */,
			);
			defaultConfigurationIsVisible = 0;
			defaultConfigurationName = Release;
		};
		2C312BFE20D5A4BE00CD84E1 /* Build configuration list for PBXNativeTarget "UIPageViewControllerPART2" */ = {
			isa = XCConfigurationList;
			buildConfigurations = (
				2C312BFF20D5A4BE00CD84E1 /* Debug */,
				2C312C0020D5A4BE00CD84E1 /* Release */,
			);
			defaultConfigurationIsVisible = 0;
			defaultConfigurationName = Release;
		};
		2C312C0120D5A4BE00CD84E1 /* Build configuration list for PBXNativeTarget "UIPageViewControllerPART2Tests" */ = {
			isa = XCConfigurationList;
			buildConfigurations = (
				2C312C0220D5A4BE00CD84E1 /* Debug */,
				2C312C0320D5A4BE00CD84E1 /* Release */,
			);
			defaultConfigurationIsVisible = 0;
			defaultConfigurationName = Release;
		};
		2C312C0420D5A4BE00CD84E1 /* Build configuration list for PBXNativeTarget "UIPageViewControllerPART2UITests" */ = {
			isa = XCConfigurationList;
			buildConfigurations = (
				2C312C0520D5A4BE00CD84E1 /* Debug */,
				2C312C0620D5A4BE00CD84E1 /* Release */,
			);
			defaultConfigurationIsVisible = 0;
			defaultConfigurationName = Release;
		};
/* End XCConfigurationList section */
	};
	rootObject = 2C312BCE20D5A4B600CD84E1 /* Project object */;
}
